
Microsoft Visual Studio Solution File, Format Version 12.00
# Visual Studio Version 17
VisualStudioVersion = 17.1.32328.378
MinimumVisualStudioVersion = 10.0.40219.1
Project("{9A19103F-16F7-4668-BE54-9A1E7A4F7556}") = "DarkCodex", "DarkCodex\DarkCodex.csproj", "{1B87B8EA-001B-4FE4-9993-77C33BFFBA87}"
	ProjectSection(ProjectDependencies) = postProject
		{C518E346-DDBD-498A-BEF9-D50FF314AD38} = {C518E346-DDBD-498A-BEF9-D50FF314AD38}
	EndProjectSection
EndProject
Project("{9A19103F-16F7-4668-BE54-9A1E7A4F7556}") = "CodexLib", "CodexLib\CodexLib.csproj", "{C518E346-DDBD-498A-BEF9-D50FF314AD38}"
	ProjectSection(ProjectDependencies) = postProject
		{2627C06B-6197-41FD-B9BD-D0083D9DDFFE} = {2627C06B-6197-41FD-B9BD-D0083D9DDFFE}
	EndProjectSection
EndProject
Project("{9A19103F-16F7-4668-BE54-9A1E7A4F7556}") = "UnityMod", "@Shared\UnityMod\UnityMod.csproj", "{2627C06B-6197-41FD-B9BD-D0083D9DDFFE}"
EndProject
Project("{9A19103F-16F7-4668-BE54-9A1E7A4F7556}") = "LocalizationApp", "LocalizationApp\LocalizationApp.csproj", "{90209116-BD54-4EA2-B775-AB0338CF4E6A}"
EndProject
Project("{9A19103F-16F7-4668-BE54-9A1E7A4F7556}") = "NetstandardProject", "@Shared\NetstandardProject\NetstandardProject.csproj", "{519F375D-6164-4132-ABD9-12E830608B0D}"
EndProject
Global
	GlobalSection(SolutionConfigurationPlatforms) = preSolution
		Debug|Any CPU = Debug|Any CPU
		Release|Any CPU = Release|Any CPU
	EndGlobalSection
	GlobalSection(ProjectConfigurationPlatforms) = postSolution
		{1B87B8EA-001B-4FE4-9993-77C33BFFBA87}.Debug|Any CPU.ActiveCfg = Debug|Any CPU
		{1B87B8EA-001B-4FE4-9993-77C33BFFBA87}.Debug|Any CPU.Build.0 = Debug|Any CPU
		{1B87B8EA-001B-4FE4-9993-77C33BFFBA87}.Release|Any CPU.ActiveCfg = Release|Any CPU
		{1B87B8EA-001B-4FE4-9993-77C33BFFBA87}.Release|Any CPU.Build.0 = Release|Any CPU
		{C518E346-DDBD-498A-BEF9-D50FF314AD38}.Debug|Any CPU.ActiveCfg = Debug|Any CPU
		{C518E346-DDBD-498A-BEF9-D50FF314AD38}.Debug|Any CPU.Build.0 = Debug|Any CPU
		{C518E346-DDBD-498A-BEF9-D50FF314AD38}.Release|Any CPU.ActiveCfg = Release|Any CPU
		{C518E346-DDBD-498A-BEF9-D50FF314AD38}.Release|Any CPU.Build.0 = Release|Any CPU
		{2627C06B-6197-41FD-B9BD-D0083D9DDFFE}.Debug|Any CPU.ActiveCfg = Debug|Any CPU
		{2627C06B-6197-41FD-B9BD-D0083D9DDFFE}.Debug|Any CPU.Build.0 = Debug|Any CPU
		{2627C06B-6197-41FD-B9BD-D0083D9DDFFE}.Release|Any CPU.ActiveCfg = Release|Any CPU
		{2627C06B-6197-41FD-B9BD-D0083D9DDFFE}.Release|Any CPU.Build.0 = Release|Any CPU
		{90209116-BD54-4EA2-B775-AB0338CF4E6A}.Debug|Any CPU.ActiveCfg = Debug|Any CPU
		{90209116-BD54-4EA2-B775-AB0338CF4E6A}.Debug|Any CPU.Build.0 = Debug|Any CPU
		{90209116-BD54-4EA2-B775-AB0338CF4E6A}.Release|Any CPU.ActiveCfg = Release|Any CPU
		{90209116-BD54-4EA2-B775-AB0338CF4E6A}.Release|Any CPU.Build.0 = Release|Any CPU
		{519F375D-6164-4132-ABD9-12E830608B0D}.Debug|Any CPU.ActiveCfg = Debug|Any CPU
		{519F375D-6164-4132-ABD9-12E830608B0D}.Debug|Any CPU.Build.0 = Debug|Any CPU
		{519F375D-6164-4132-ABD9-12E830608B0D}.Release|Any CPU.ActiveCfg = Release|Any CPU
		{519F375D-6164-4132-ABD9-12E830608B0D}.Release|Any CPU.Build.0 = Release|Any CPU
	EndGlobalSection
	GlobalSection(SolutionProperties) = preSolution
		HideSolutionNode = FALSE
	EndGlobalSection
	GlobalSection(ExtensibilityGlobals) = postSolution
		SolutionGuid = {FD4CAC42-4F4B-4672-92C7-3FC92AD10B30}
	EndGlobalSection
EndGlobal
