
Microsoft Visual Studio Solution File, Format Version 12.00
# Visual Studio Version 17
VisualStudioVersion = 17.1.32328.378
MinimumVisualStudioVersion = 10.0.40219.1
Project("{9A19103F-16F7-4668-BE54-9A1E7A4F7556}") = "DarkCodex", "DarkCodex\DarkCodex.csproj", "{1B87B8EA-001B-4FE4-9993-77C33BFFBA87}"
EndProject
Project("{FAE04EC0-301F-11D3-BF4B-00C04F79EFBC}") = "BlueprintLoader", "BlueprintLoader\BlueprintLoader.csproj", "{8DE5144B-3769-4BCD-9312-A26F8EB6CF78}"
EndProject
Project("{D954291E-2A0B-460D-934E-DC6B0785DB48}") = "CodexShared", "CodexShared\CodexShared.shproj", "{D8B84699-BAA2-4037-A5EF-C41119C3988C}"
EndProject
Project("{9A19103F-16F7-4668-BE54-9A1E7A4F7556}") = "CodexLib", "CodexLib\CodexLib.csproj", "{C518E346-DDBD-498A-BEF9-D50FF314AD38}"
EndProject
Global
	GlobalSection(SolutionConfigurationPlatforms) = preSolution
		Debug|Any CPU = Debug|Any CPU
		Release|Any CPU = Release|Any CPU
	EndGlobalSection
	GlobalSection(ProjectConfigurationPlatforms) = postSolution
		{1B87B8EA-001B-4FE4-9993-77C33BFFBA87}.Debug|Any CPU.ActiveCfg = Debug|Any CPU
		{1B87B8EA-001B-4FE4-9993-77C33BFFBA87}.Debug|Any CPU.Build.0 = Debug|Any CPU
		{1B87B8EA-001B-4FE4-9993-77C33BFFBA87}.Release|Any CPU.ActiveCfg = Release|Any CPU
		{1B87B8EA-001B-4FE4-9993-77C33BFFBA87}.Release|Any CPU.Build.0 = Release|Any CPU
		{8DE5144B-3769-4BCD-9312-A26F8EB6CF78}.Debug|Any CPU.ActiveCfg = Debug|Any CPU
		{8DE5144B-3769-4BCD-9312-A26F8EB6CF78}.Debug|Any CPU.Build.0 = Debug|Any CPU
		{8DE5144B-3769-4BCD-9312-A26F8EB6CF78}.Release|Any CPU.ActiveCfg = Release|Any CPU
		{8DE5144B-3769-4BCD-9312-A26F8EB6CF78}.Release|Any CPU.Build.0 = Release|Any CPU
		{C518E346-DDBD-498A-BEF9-D50FF314AD38}.Debug|Any CPU.ActiveCfg = Debug|Any CPU
		{C518E346-DDBD-498A-BEF9-D50FF314AD38}.Debug|Any CPU.Build.0 = Debug|Any CPU
		{C518E346-DDBD-498A-BEF9-D50FF314AD38}.Release|Any CPU.ActiveCfg = Release|Any CPU
		{C518E346-DDBD-498A-BEF9-D50FF314AD38}.Release|Any CPU.Build.0 = Release|Any CPU
	EndGlobalSection
	GlobalSection(SolutionProperties) = preSolution
		HideSolutionNode = FALSE
	EndGlobalSection
	GlobalSection(ExtensibilityGlobals) = postSolution
		SolutionGuid = {FD4CAC42-4F4B-4672-92C7-3FC92AD10B30}
	EndGlobalSection
	GlobalSection(SharedMSBuildProjectFiles) = preSolution
		CodexShared\CodexShared.projitems*{1b87b8ea-001b-4fe4-9993-77c33bffba87}*SharedItemsImports = 5
		CodexShared\CodexShared.projitems*{d8b84699-baa2-4037-a5ef-c41119c3988c}*SharedItemsImports = 13
	EndGlobalSection
EndGlobal
